PODS:
  - CocoaLumberjack (2.4.0):
    - CocoaLumberjack/Default (= 2.4.0)
    - CocoaLumberjack/Extensions (= 2.4.0)
  - CocoaLumberjack/Core (2.4.0)
  - CocoaLumberjack/Default (2.4.0):
    - CocoaLumberjack/Core
  - CocoaLumberjack/Extensions (2.4.0):
    - CocoaLumberjack/Default
  - SVGKit (2.0.1):
    - CocoaLumberjack (~> 2.x)

DEPENDENCIES:
  - SVGKit (from `https://github.com/SVGKit/SVGKit.git`, branch `2.x`)

EXTERNAL SOURCES:
  SVGKit:
    :branch: 2.x
    :git: https://github.com/SVGKit/SVGKit.git

CHECKOUT OPTIONS:
  SVGKit:
    :commit: ff5abfa6a00335b8f787c8236e7f76fde15b16b1
    :git: https://github.com/SVGKit/SVGKit.git

SPEC CHECKSUMS:
  CocoaLumberjack: aa9dcab71bdf9eaf2a63bbd9ddc87863efe45457
  SVGKit: 2afbeaf2c2be4615476951284750c3ddb790d0c7

PODFILE CHECKSUM: c337d0f50b1f315d0c482f70b2f49d59afa5960f

COCOAPODS: 1.2.0
